{
    "name": "krisper",
    "version": "0.1.0",
    "lockfileVersion": 3,
    "requires": true,
    "packages": {
        "": {
            "name": "krisper",
            "version": "0.1.0",
            "license": "ISC",
            "engines": {
                "vscode": "^1.74.0"
            }
        }
    }
}
